{
  "lockfile_version": "1",
  "packages": {
    "chromium@latest": {
      "last_modified": "2025-06-25T07:32:58Z",
      "resolved": "github:NixOS/nixpkgs/d7bb1922f0bb3d0c990f56f9cdb767fdb20a5f22#chromium",
      "source": "devbox-search",
      "version": "138.0.7204.49",
      "systems": {
        "aarch64-linux": {
          "outputs": [
            {
              "name": "out",
              "path": "/nix/store/9nia50hkanhl95nn9xc1abpsnlvllmxd-chromium-138.0.7204.49",
              "default": true
            },
            {
              "name": "sandbox",
              "path": "/nix/store/si78y0vkamrsl337hysd1md20xmhmvqs-chromium-138.0.7204.49-sandbox"
            }
          ],
          "store_path": "/nix/store/9nia50hkanhl95nn9xc1abpsnlvllmxd-chromium-138.0.7204.49"
        },
        "x86_64-linux": {
          "outputs": [
            {
              "name": "out",
              "path": "/nix/store/767iim72fxc13jciws3n55dd6pqv010w-chromium-138.0.7204.49",
              "default": true
            },
            {
              "name": "sandbox",
              "path": "/nix/store/fvi3x8ba6zl856ryfjn08gb58l9i1ibi-chromium-138.0.7204.49-sandbox"
            }
          ],
          "store_path": "/nix/store/767iim72fxc13jciws3n55dd6pqv010w-chromium-138.0.7204.49"
        }
      }
    },
    "github:NixOS/nixpkgs/nixpkgs-unstable": {
      "last_modified": "2025-05-31T03:30:20Z",
      "resolved": "github:NixOS/nixpkgs/59138c7667b7970d205d6a05a8bfa2d78caa3643?lastModified=1748662220&narHash=sha256-7gGa49iB9nCnFk4h%2Fg9zwjlQAyjtpgcFkODjcOQS0Es%3D"
    },
    "nodejs@latest": {
      "last_modified": "2025-06-13T00:58:23Z",
      "plugin_version": "0.0.2",
      "resolved": "github:NixOS/nixpkgs/6e7721e37bf00fa7ea44ac3cfc9d2411284ec3ef#nodejs_24",
      "source": "devbox-search",
      "version": "24.1.0",
      "systems": {
        "aarch64-darwin": {
          "outputs": [
            {
              "name": "out",
              "path": "/nix/store/2q5an9rpdq4vhc5ag04ajxnzxxqsqchq-nodejs-24.1.0",
              "default": true
            },
            {
              "name": "libv8",
              "path": "/nix/store/jw04y4lzw7x0v2yh437s3l6cri5l50vv-nodejs-24.1.0-libv8"
            },
            {
              "name": "dev",
              "path": "/nix/store/hb25vqffnqd3hl7glmm1y4n54bmpfppr-nodejs-24.1.0-dev"
            }
          ],
          "store_path": "/nix/store/2q5an9rpdq4vhc5ag04ajxnzxxqsqchq-nodejs-24.1.0"
        },
        "aarch64-linux": {
          "outputs": [
            {
              "name": "out",
              "path": "/nix/store/1ypnf27d1amna71zl7jgjpli4r2xqzx9-nodejs-24.1.0",
              "default": true
            },
            {
              "name": "dev",
              "path": "/nix/store/3alphvmg91jin165pj9q5zfk7j40azbg-nodejs-24.1.0-dev"
            },
            {
              "name": "libv8",
              "path": "/nix/store/z1cbkwmgw0f94rhvc40v3k8z1rg9zkzf-nodejs-24.1.0-libv8"
            }
          ],
          "store_path": "/nix/store/1ypnf27d1amna71zl7jgjpli4r2xqzx9-nodejs-24.1.0"
        },
        "x86_64-darwin": {
          "outputs": [
            {
              "name": "out",
              "path": "/nix/store/plga9910l27vbg30ajmdsmccyj2a3pxm-nodejs-24.1.0",
              "default": true
            },
            {
              "name": "dev",
              "path": "/nix/store/4b8xp5vrd08ca1im5b607x1wwvy4njjx-nodejs-24.1.0-dev"
            },
            {
              "name": "libv8",
              "path": "/nix/store/d6cq633qq8jr8liaip97fjwpv9r15ivb-nodejs-24.1.0-libv8"
            }
          ],
          "store_path": "/nix/store/plga9910l27vbg30ajmdsmccyj2a3pxm-nodejs-24.1.0"
        },
        "x86_64-linux": {
          "outputs": [
            {
              "name": "out",
              "path": "/nix/store/wnayblhh0555nwfccnzcqkzph52y4yby-nodejs-24.1.0",
              "default": true
            },
            {
              "name": "dev",
              "path": "/nix/store/8ydr7k53w188y9fhskl7ahl8ibchx7w8-nodejs-24.1.0-dev"
            },
            {
              "name": "libv8",
              "path": "/nix/store/4paqvzbw7jjzvn64liv5wwzc7fdsr7k7-nodejs-24.1.0-libv8"
            }
          ],
          "store_path": "/nix/store/wnayblhh0555nwfccnzcqkzph52y4yby-nodejs-24.1.0"
        }
      }
    },
    "playwright-driver@latest": {
      "last_modified": "2024-12-23T21:10:33Z",
      "resolved": "github:NixOS/nixpkgs/de1864217bfa9b5845f465e771e0ecb48b30e02d#playwright-driver",
      "source": "devbox-search",
      "version": "1.47.0",
      "systems": {
        "aarch64-darwin": {
          "outputs": [
            {
              "name": "out",
              "path": "/nix/store/hzdrqbkfcxaym9q3qdm69jwz72smzw4a-playwright-core-1.47.0",
              "default": true
            }
          ],
          "store_path": "/nix/store/hzdrqbkfcxaym9q3qdm69jwz72smzw4a-playwright-core-1.47.0"
        },
        "aarch64-linux": {
          "outputs": [
            {
              "name": "out",
              "path": "/nix/store/w8x55927m71dl367zn0n2xxakpw9fnqb-playwright-core-1.47.0",
              "default": true
            }
          ],
          "store_path": "/nix/store/w8x55927m71dl367zn0n2xxakpw9fnqb-playwright-core-1.47.0"
        },
        "x86_64-darwin": {
          "outputs": [
            {
              "name": "out",
              "path": "/nix/store/4r0k517n82md7gkcismiyv190qlaywrs-playwright-core-1.47.0",
              "default": true
            }
          ],
          "store_path": "/nix/store/4r0k517n82md7gkcismiyv190qlaywrs-playwright-core-1.47.0"
        },
        "x86_64-linux": {
          "outputs": [
            {
              "name": "out",
              "path": "/nix/store/qg003zb2frc7b7kmkhmhw6y36x5820dm-playwright-core-1.47.0",
              "default": true
            }
          ],
          "store_path": "/nix/store/qg003zb2frc7b7kmkhmhw6y36x5820dm-playwright-core-1.47.0"
        }
      }
    },
    "playwright@latest": {
      "last_modified": "2025-06-20T02:24:11Z",
      "resolved": "github:NixOS/nixpkgs/076e8c6678d8c54204abcb4b1b14c366835a58bb#playwright",
      "source": "devbox-search",
      "version": "1.52.0",
      "systems": {
        "aarch64-darwin": {
          "outputs": [
            {
              "name": "out",
              "path": "/nix/store/s90wc3q5qy7my55pg9p7nz6hkmsq577c-playwright-core-1.52.0",
              "default": true
            }
          ],
          "store_path": "/nix/store/s90wc3q5qy7my55pg9p7nz6hkmsq577c-playwright-core-1.52.0"
        },
        "aarch64-linux": {
          "outputs": [
            {
              "name": "out",
              "path": "/nix/store/dqkxl9ykmrv095cv2sm3bzslphm1mvn5-playwright-core-1.52.0",
              "default": true
            }
          ],
          "store_path": "/nix/store/dqkxl9ykmrv095cv2sm3bzslphm1mvn5-playwright-core-1.52.0"
        },
        "x86_64-darwin": {
          "outputs": [
            {
              "name": "out",
              "path": "/nix/store/v88am1w1bckpgdn79rj8kyffmvg7xjm9-playwright-core-1.52.0",
              "default": true
            }
          ],
          "store_path": "/nix/store/v88am1w1bckpgdn79rj8kyffmvg7xjm9-playwright-core-1.52.0"
        },
        "x86_64-linux": {
          "outputs": [
            {
              "name": "out",
              "path": "/nix/store/qhm5mhzyqdk54k9yyjk1wl16y80gwkc0-playwright-core-1.52.0",
              "default": true
            }
          ],
          "store_path": "/nix/store/qhm5mhzyqdk54k9yyjk1wl16y80gwkc0-playwright-core-1.52.0"
        }
      }
    },
    "pnpm@latest": {
      "last_modified": "2025-05-16T20:19:48Z",
      "resolved": "github:NixOS/nixpkgs/12a55407652e04dcf2309436eb06fef0d3713ef3#pnpm",
      "source": "devbox-search",
      "version": "10.11.0",
      "systems": {
        "aarch64-darwin": {
          "outputs": [
            {
              "name": "out",
              "path": "/nix/store/b39q8x9cxlqq45zgvn9bqcv2f2633vhx-pnpm-10.11.0",
              "default": true
            }
          ],
          "store_path": "/nix/store/b39q8x9cxlqq45zgvn9bqcv2f2633vhx-pnpm-10.11.0"
        },
        "aarch64-linux": {
          "outputs": [
            {
              "name": "out",
              "path": "/nix/store/rvikpxf1ikq4dy7n64bw30hx2ig7zwjk-pnpm-10.11.0",
              "default": true
            }
          ],
          "store_path": "/nix/store/rvikpxf1ikq4dy7n64bw30hx2ig7zwjk-pnpm-10.11.0"
        },
        "x86_64-darwin": {
          "outputs": [
            {
              "name": "out",
              "path": "/nix/store/m4qnhm8ij69r70wf6qdbbhd9yw30pv00-pnpm-10.11.0",
              "default": true
            }
          ],
          "store_path": "/nix/store/m4qnhm8ij69r70wf6qdbbhd9yw30pv00-pnpm-10.11.0"
        },
        "x86_64-linux": {
          "outputs": [
            {
              "name": "out",
              "path": "/nix/store/29gsr1mhy2xgah3s86aqg7wspmvqjp4m-pnpm-10.11.0",
              "default": true
            }
          ],
          "store_path": "/nix/store/29gsr1mhy2xgah3s86aqg7wspmvqjp4m-pnpm-10.11.0"
        }
      }
    },
    "typescript@latest": {
      "last_modified": "2025-05-16T20:19:48Z",
      "resolved": "github:NixOS/nixpkgs/12a55407652e04dcf2309436eb06fef0d3713ef3#typescript",
      "source": "devbox-search",
      "version": "5.8.2",
      "systems": {
        "aarch64-darwin": {
          "outputs": [
            {
              "name": "out",
              "path": "/nix/store/cw0dghf6idlcppanwx7ym4gjcbm4q6p0-typescript-5.8.2",
              "default": true
            }
          ],
          "store_path": "/nix/store/cw0dghf6idlcppanwx7ym4gjcbm4q6p0-typescript-5.8.2"
        },
        "aarch64-linux": {
          "outputs": [
            {
              "name": "out",
              "path": "/nix/store/d43ars224bsqjda7nyywhfd92hyxhz5z-typescript-5.8.2",
              "default": true
            }
          ],
          "store_path": "/nix/store/d43ars224bsqjda7nyywhfd92hyxhz5z-typescript-5.8.2"
        },
        "x86_64-darwin": {
          "outputs": [
            {
              "name": "out",
              "path": "/nix/store/wcjv916ym2qnf4qnzdn8axsyvs4qppmz-typescript-5.8.2",
              "default": true
            }
          ],
          "store_path": "/nix/store/wcjv916ym2qnf4qnzdn8axsyvs4qppmz-typescript-5.8.2"
        },
        "x86_64-linux": {
          "outputs": [
            {
              "name": "out",
              "path": "/nix/store/dnw8h2z6jdj80h5x6g2q16fk3z1sbfjb-typescript-5.8.2",
              "default": true
            }
          ],
          "store_path": "/nix/store/dnw8h2z6jdj80h5x6g2q16fk3z1sbfjb-typescript-5.8.2"
        }
      }
    }
  }
}
